
Microsoft Visual Studio Solution File, Format Version 12.00
# Visual Studio 14
VisualStudioVersion = 14.0.25420.1
MinimumVisualStudioVersion = 10.0.40219.1
Project("{FAE04EC0-301F-11D3-BF4B-00C04F79EFBC}") = "NETCatalog.App.Droid", "NETCatalog.App.Droid\NETCatalog.App.Droid.csproj", "{4FF6EDD4-AF6E-45EA-AAC3-71460CFE3098}"
EndProject
Project("{FAE04EC0-301F-11D3-BF4B-00C04F79EFBC}") = "NETCatalog.App.iOS", "NETCatalog.App.iOS\NETCatalog.App.iOS.csproj", "{9953A15E-7483-45EC-875C-72142D611318}"
EndProject
Project("{FAE04EC0-301F-11D3-BF4B-00C04F79EFBC}") = "NETCatalog.App.WinPhone", "NETCatalog.App.WinPhone\NETCatalog.App.WinPhone.csproj", "{DDA0367B-BFF5-47E8-A022-1C84863A578D}"
EndProject
Project("{FAE04EC0-301F-11D3-BF4B-00C04F79EFBC}") = "NETCatalog.App.UWP", "NETCatalog.App.UWP\NETCatalog.App.UWP.csproj", "{E991604C-AA65-44AC-BFA2-5B848E09ED0E}"
EndProject
Project("{FAE04EC0-301F-11D3-BF4B-00C04F79EFBC}") = "NETCatalog.App.Windows", "NETCatalog.App.Windows\NETCatalog.App.Windows.csproj", "{E699AE7C-4F5E-473C-B93F-EBBC71143AA5}"
EndProject
Project("{FAE04EC0-301F-11D3-BF4B-00C04F79EFBC}") = "NETCatalogApp", "NETCatalogApp\NETCatalogApp.csproj", "{79FF70B1-869F-4102-B850-4B357CB70B6B}"
EndProject
Global
	GlobalSection(SolutionConfigurationPlatforms) = preSolution
		Ad-Hoc|Any CPU = Ad-Hoc|Any CPU
		Ad-Hoc|ARM = Ad-Hoc|ARM
		Ad-Hoc|iPhone = Ad-Hoc|iPhone
		Ad-Hoc|iPhoneSimulator = Ad-Hoc|iPhoneSimulator
		Ad-Hoc|x64 = Ad-Hoc|x64
		Ad-Hoc|x86 = Ad-Hoc|x86
		AppStore|Any CPU = AppStore|Any CPU
		AppStore|ARM = AppStore|ARM
		AppStore|iPhone = AppStore|iPhone
		AppStore|iPhoneSimulator = AppStore|iPhoneSimulator
		AppStore|x64 = AppStore|x64
		AppStore|x86 = AppStore|x86
		Debug|Any CPU = Debug|Any CPU
		Debug|ARM = Debug|ARM
		Debug|iPhone = Debug|iPhone
		Debug|iPhoneSimulator = Debug|iPhoneSimulator
		Debug|x64 = Debug|x64
		Debug|x86 = Debug|x86
		Release|Any CPU = Release|Any CPU
		Release|ARM = Release|ARM
		Release|iPhone = Release|iPhone
		Release|iPhoneSimulator = Release|iPhoneSimulator
		Release|x64 = Release|x64
		Release|x86 = Release|x86
	EndGlobalSection
	GlobalSection(ProjectConfigurationPlatforms) = postSolution
		{4FF6EDD4-AF6E-45EA-AAC3-71460CFE3098}.Ad-Hoc|Any CPU.ActiveCfg = Release|Any CPU
		{4FF6EDD4-AF6E-45EA-AAC3-71460CFE3098}.Ad-Hoc|Any CPU.Build.0 = Release|Any CPU
		{4FF6EDD4-AF6E-45EA-AAC3-71460CFE3098}.Ad-Hoc|Any CPU.Deploy.0 = Release|Any CPU
		{4FF6EDD4-AF6E-45EA-AAC3-71460CFE3098}.Ad-Hoc|ARM.ActiveCfg = Release|Any CPU
		{4FF6EDD4-AF6E-45EA-AAC3-71460CFE3098}.Ad-Hoc|ARM.Build.0 = Release|Any CPU
		{4FF6EDD4-AF6E-45EA-AAC3-71460CFE3098}.Ad-Hoc|ARM.Deploy.0 = Release|Any CPU
		{4FF6EDD4-AF6E-45EA-AAC3-71460CFE3098}.Ad-Hoc|iPhone.ActiveCfg = Release|Any CPU
		{4FF6EDD4-AF6E-45EA-AAC3-71460CFE3098}.Ad-Hoc|iPhone.Build.0 = Release|Any CPU
		{4FF6EDD4-AF6E-45EA-AAC3-71460CFE3098}.Ad-Hoc|iPhone.Deploy.0 = Release|Any CPU
		{4FF6EDD4-AF6E-45EA-AAC3-71460CFE3098}.Ad-Hoc|iPhoneSimulator.ActiveCfg = Release|Any CPU
		{4FF6EDD4-AF6E-45EA-AAC3-71460CFE3098}.Ad-Hoc|iPhoneSimulator.Build.0 = Release|Any CPU
		{4FF6EDD4-AF6E-45EA-AAC3-71460CFE3098}.Ad-Hoc|iPhoneSimulator.Deploy.0 = Release|Any CPU
		{4FF6EDD4-AF6E-45EA-AAC3-71460CFE3098}.Ad-Hoc|x64.ActiveCfg = Release|Any CPU
		{4FF6EDD4-AF6E-45EA-AAC3-71460CFE3098}.Ad-Hoc|x64.Build.0 = Release|Any CPU
		{4FF6EDD4-AF6E-45EA-AAC3-71460CFE3098}.Ad-Hoc|x64.Deploy.0 = Release|Any CPU
		{4FF6EDD4-AF6E-45EA-AAC3-71460CFE3098}.Ad-Hoc|x86.ActiveCfg = Release|Any CPU
		{4FF6EDD4-AF6E-45EA-AAC3-71460CFE3098}.Ad-Hoc|x86.Build.0 = Release|Any CPU
		{4FF6EDD4-AF6E-45EA-AAC3-71460CFE3098}.Ad-Hoc|x86.Deploy.0 = Release|Any CPU
		{4FF6EDD4-AF6E-45EA-AAC3-71460CFE3098}.AppStore|Any CPU.ActiveCfg = Release|Any CPU
		{4FF6EDD4-AF6E-45EA-AAC3-71460CFE3098}.AppStore|Any CPU.Build.0 = Release|Any CPU
		{4FF6EDD4-AF6E-45EA-AAC3-71460CFE3098}.AppStore|Any CPU.Deploy.0 = Release|Any CPU
		{4FF6EDD4-AF6E-45EA-AAC3-71460CFE3098}.AppStore|ARM.ActiveCfg = Release|Any CPU
		{4FF6EDD4-AF6E-45EA-AAC3-71460CFE3098}.AppStore|ARM.Build.0 = Release|Any CPU
		{4FF6EDD4-AF6E-45EA-AAC3-71460CFE3098}.AppStore|ARM.Deploy.0 = Release|Any CPU
		{4FF6EDD4-AF6E-45EA-AAC3-71460CFE3098}.AppStore|iPhone.ActiveCfg = Release|Any CPU
		{4FF6EDD4-AF6E-45EA-AAC3-71460CFE3098}.AppStore|iPhone.Build.0 = Release|Any CPU
		{4FF6EDD4-AF6E-45EA-AAC3-71460CFE3098}.AppStore|iPhone.Deploy.0 = Release|Any CPU
		{4FF6EDD4-AF6E-45EA-AAC3-71460CFE3098}.AppStore|iPhoneSimulator.ActiveCfg = Release|Any CPU
		{4FF6EDD4-AF6E-45EA-AAC3-71460CFE3098}.AppStore|iPhoneSimulator.Build.0 = Release|Any CPU
		{4FF6EDD4-AF6E-45EA-AAC3-71460CFE3098}.AppStore|iPhoneSimulator.Deploy.0 = Release|Any CPU
		{4FF6EDD4-AF6E-45EA-AAC3-71460CFE3098}.AppStore|x64.ActiveCfg = Release|Any CPU
		{4FF6EDD4-AF6E-45EA-AAC3-71460CFE3098}.AppStore|x64.Build.0 = Release|Any CPU
		{4FF6EDD4-AF6E-45EA-AAC3-71460CFE3098}.AppStore|x64.Deploy.0 = Release|Any CPU
		{4FF6EDD4-AF6E-45EA-AAC3-71460CFE3098}.AppStore|x86.ActiveCfg = Release|Any CPU
		{4FF6EDD4-AF6E-45EA-AAC3-71460CFE3098}.AppStore|x86.Build.0 = Release|Any CPU
		{4FF6EDD4-AF6E-45EA-AAC3-71460CFE3098}.AppStore|x86.Deploy.0 = Release|Any CPU
		{4FF6EDD4-AF6E-45EA-AAC3-71460CFE3098}.Debug|Any CPU.ActiveCfg = Debug|Any CPU
		{4FF6EDD4-AF6E-45EA-AAC3-71460CFE3098}.Debug|Any CPU.Build.0 = Debug|Any CPU
		{4FF6EDD4-AF6E-45EA-AAC3-71460CFE3098}.Debug|Any CPU.Deploy.0 = Debug|Any CPU
		{4FF6EDD4-AF6E-45EA-AAC3-71460CFE3098}.Debug|ARM.ActiveCfg = Debug|Any CPU
		{4FF6EDD4-AF6E-45EA-AAC3-71460CFE3098}.Debug|ARM.Build.0 = Debug|Any CPU
		{4FF6EDD4-AF6E-45EA-AAC3-71460CFE3098}.Debug|ARM.Deploy.0 = Debug|Any CPU
		{4FF6EDD4-AF6E-45EA-AAC3-71460CFE3098}.Debug|iPhone.ActiveCfg = Debug|Any CPU
		{4FF6EDD4-AF6E-45EA-AAC3-71460CFE3098}.Debug|iPhone.Build.0 = Debug|Any CPU
		{4FF6EDD4-AF6E-45EA-AAC3-71460CFE3098}.Debug|iPhone.Deploy.0 = Debug|Any CPU
		{4FF6EDD4-AF6E-45EA-AAC3-71460CFE3098}.Debug|iPhoneSimulator.ActiveCfg = Debug|Any CPU
		{4FF6EDD4-AF6E-45EA-AAC3-71460CFE3098}.Debug|iPhoneSimulator.Build.0 = Debug|Any CPU
		{4FF6EDD4-AF6E-45EA-AAC3-71460CFE3098}.Debug|iPhoneSimulator.Deploy.0 = Debug|Any CPU
		{4FF6EDD4-AF6E-45EA-AAC3-71460CFE3098}.Debug|x64.ActiveCfg = Debug|Any CPU
		{4FF6EDD4-AF6E-45EA-AAC3-71460CFE3098}.Debug|x64.Build.0 = Debug|Any CPU
		{4FF6EDD4-AF6E-45EA-AAC3-71460CFE3098}.Debug|x64.Deploy.0 = Debug|Any CPU
		{4FF6EDD4-AF6E-45EA-AAC3-71460CFE3098}.Debug|x86.ActiveCfg = Debug|Any CPU
		{4FF6EDD4-AF6E-45EA-AAC3-71460CFE3098}.Debug|x86.Build.0 = Debug|Any CPU
		{4FF6EDD4-AF6E-45EA-AAC3-71460CFE3098}.Debug|x86.Deploy.0 = Debug|Any CPU
		{4FF6EDD4-AF6E-45EA-AAC3-71460CFE3098}.Release|Any CPU.ActiveCfg = Release|Any CPU
		{4FF6EDD4-AF6E-45EA-AAC3-71460CFE3098}.Release|Any CPU.Build.0 = Release|Any CPU
		{4FF6EDD4-AF6E-45EA-AAC3-71460CFE3098}.Release|Any CPU.Deploy.0 = Release|Any CPU
		{4FF6EDD4-AF6E-45EA-AAC3-71460CFE3098}.Release|ARM.ActiveCfg = Release|Any CPU
		{4FF6EDD4-AF6E-45EA-AAC3-71460CFE3098}.Release|ARM.Build.0 = Release|Any CPU
		{4FF6EDD4-AF6E-45EA-AAC3-71460CFE3098}.Release|ARM.Deploy.0 = Release|Any CPU
		{4FF6EDD4-AF6E-45EA-AAC3-71460CFE3098}.Release|iPhone.ActiveCfg = Release|Any CPU
		{4FF6EDD4-AF6E-45EA-AAC3-71460CFE3098}.Release|iPhone.Build.0 = Release|Any CPU
		{4FF6EDD4-AF6E-45EA-AAC3-71460CFE3098}.Release|iPhone.Deploy.0 = Release|Any CPU
		{4FF6EDD4-AF6E-45EA-AAC3-71460CFE3098}.Release|iPhoneSimulator.ActiveCfg = Release|Any CPU
		{4FF6EDD4-AF6E-45EA-AAC3-71460CFE3098}.Release|iPhoneSimulator.Build.0 = Release|Any CPU
		{4FF6EDD4-AF6E-45EA-AAC3-71460CFE3098}.Release|iPhoneSimulator.Deploy.0 = Release|Any CPU
		{4FF6EDD4-AF6E-45EA-AAC3-71460CFE3098}.Release|x64.ActiveCfg = Release|Any CPU
		{4FF6EDD4-AF6E-45EA-AAC3-71460CFE3098}.Release|x64.Build.0 = Release|Any CPU
		{4FF6EDD4-AF6E-45EA-AAC3-71460CFE3098}.Release|x64.Deploy.0 = Release|Any CPU
		{4FF6EDD4-AF6E-45EA-AAC3-71460CFE3098}.Release|x86.ActiveCfg = Release|Any CPU
		{4FF6EDD4-AF6E-45EA-AAC3-71460CFE3098}.Release|x86.Build.0 = Release|Any CPU
		{4FF6EDD4-AF6E-45EA-AAC3-71460CFE3098}.Release|x86.Deploy.0 = Release|Any CPU
		{9953A15E-7483-45EC-875C-72142D611318}.Ad-Hoc|Any CPU.ActiveCfg = Ad-Hoc|iPhone
		{9953A15E-7483-45EC-875C-72142D611318}.Ad-Hoc|ARM.ActiveCfg = Ad-Hoc|iPhone
		{9953A15E-7483-45EC-875C-72142D611318}.Ad-Hoc|iPhone.ActiveCfg = Ad-Hoc|iPhone
		{9953A15E-7483-45EC-875C-72142D611318}.Ad-Hoc|iPhone.Build.0 = Ad-Hoc|iPhone
		{9953A15E-7483-45EC-875C-72142D611318}.Ad-Hoc|iPhoneSimulator.ActiveCfg = Ad-Hoc|iPhoneSimulator
		{9953A15E-7483-45EC-875C-72142D611318}.Ad-Hoc|iPhoneSimulator.Build.0 = Ad-Hoc|iPhoneSimulator
		{9953A15E-7483-45EC-875C-72142D611318}.Ad-Hoc|x64.ActiveCfg = Ad-Hoc|iPhone
		{9953A15E-7483-45EC-875C-72142D611318}.Ad-Hoc|x86.ActiveCfg = Ad-Hoc|iPhone
		{9953A15E-7483-45EC-875C-72142D611318}.AppStore|Any CPU.ActiveCfg = AppStore|iPhone
		{9953A15E-7483-45EC-875C-72142D611318}.AppStore|ARM.ActiveCfg = AppStore|iPhone
		{9953A15E-7483-45EC-875C-72142D611318}.AppStore|iPhone.ActiveCfg = AppStore|iPhone
		{9953A15E-7483-45EC-875C-72142D611318}.AppStore|iPhone.Build.0 = AppStore|iPhone
		{9953A15E-7483-45EC-875C-72142D611318}.AppStore|iPhoneSimulator.ActiveCfg = AppStore|iPhoneSimulator
		{9953A15E-7483-45EC-875C-72142D611318}.AppStore|iPhoneSimulator.Build.0 = AppStore|iPhoneSimulator
		{9953A15E-7483-45EC-875C-72142D611318}.AppStore|x64.ActiveCfg = AppStore|iPhone
		{9953A15E-7483-45EC-875C-72142D611318}.AppStore|x86.ActiveCfg = AppStore|iPhone
		{9953A15E-7483-45EC-875C-72142D611318}.Debug|Any CPU.ActiveCfg = Debug|iPhone
		{9953A15E-7483-45EC-875C-72142D611318}.Debug|Any CPU.Build.0 = Debug|iPhone
		{9953A15E-7483-45EC-875C-72142D611318}.Debug|ARM.ActiveCfg = Debug|iPhone
		{9953A15E-7483-45EC-875C-72142D611318}.Debug|iPhone.ActiveCfg = Debug|iPhone
		{9953A15E-7483-45EC-875C-72142D611318}.Debug|iPhone.Build.0 = Debug|iPhone
		{9953A15E-7483-45EC-875C-72142D611318}.Debug|iPhoneSimulator.ActiveCfg = Debug|iPhoneSimulator
		{9953A15E-7483-45EC-875C-72142D611318}.Debug|iPhoneSimulator.Build.0 = Debug|iPhoneSimulator
		{9953A15E-7483-45EC-875C-72142D611318}.Debug|x64.ActiveCfg = Debug|iPhone
		{9953A15E-7483-45EC-875C-72142D611318}.Debug|x86.ActiveCfg = Debug|iPhone
		{9953A15E-7483-45EC-875C-72142D611318}.Release|Any CPU.ActiveCfg = Release|iPhone
		{9953A15E-7483-45EC-875C-72142D611318}.Release|ARM.ActiveCfg = Release|iPhone
		{9953A15E-7483-45EC-875C-72142D611318}.Release|iPhone.ActiveCfg = Release|iPhone
		{9953A15E-7483-45EC-875C-72142D611318}.Release|iPhone.Build.0 = Release|iPhone
		{9953A15E-7483-45EC-875C-72142D611318}.Release|iPhoneSimulator.ActiveCfg = Release|iPhoneSimulator
		{9953A15E-7483-45EC-875C-72142D611318}.Release|iPhoneSimulator.Build.0 = Release|iPhoneSimulator
		{9953A15E-7483-45EC-875C-72142D611318}.Release|x64.ActiveCfg = Release|iPhone
		{9953A15E-7483-45EC-875C-72142D611318}.Release|x86.ActiveCfg = Release|iPhone
		{DDA0367B-BFF5-47E8-A022-1C84863A578D}.Ad-Hoc|Any CPU.ActiveCfg = Release|Any CPU
		{DDA0367B-BFF5-47E8-A022-1C84863A578D}.Ad-Hoc|Any CPU.Build.0 = Release|Any CPU
		{DDA0367B-BFF5-47E8-A022-1C84863A578D}.Ad-Hoc|Any CPU.Deploy.0 = Release|Any CPU
		{DDA0367B-BFF5-47E8-A022-1C84863A578D}.Ad-Hoc|ARM.ActiveCfg = Release|ARM
		{DDA0367B-BFF5-47E8-A022-1C84863A578D}.Ad-Hoc|ARM.Build.0 = Release|ARM
		{DDA0367B-BFF5-47E8-A022-1C84863A578D}.Ad-Hoc|ARM.Deploy.0 = Release|ARM
		{DDA0367B-BFF5-47E8-A022-1C84863A578D}.Ad-Hoc|iPhone.ActiveCfg = Release|Any CPU
		{DDA0367B-BFF5-47E8-A022-1C84863A578D}.Ad-Hoc|iPhone.Build.0 = Release|Any CPU
		{DDA0367B-BFF5-47E8-A022-1C84863A578D}.Ad-Hoc|iPhone.Deploy.0 = Release|Any CPU
		{DDA0367B-BFF5-47E8-A022-1C84863A578D}.Ad-Hoc|iPhoneSimulator.ActiveCfg = Release|Any CPU
		{DDA0367B-BFF5-47E8-A022-1C84863A578D}.Ad-Hoc|iPhoneSimulator.Build.0 = Release|Any CPU
		{DDA0367B-BFF5-47E8-A022-1C84863A578D}.Ad-Hoc|iPhoneSimulator.Deploy.0 = Release|Any CPU
		{DDA0367B-BFF5-47E8-A022-1C84863A578D}.Ad-Hoc|x64.ActiveCfg = Release|Any CPU
		{DDA0367B-BFF5-47E8-A022-1C84863A578D}.Ad-Hoc|x64.Build.0 = Release|Any CPU
		{DDA0367B-BFF5-47E8-A022-1C84863A578D}.Ad-Hoc|x64.Deploy.0 = Release|Any CPU
		{DDA0367B-BFF5-47E8-A022-1C84863A578D}.Ad-Hoc|x86.ActiveCfg = Release|x86
		{DDA0367B-BFF5-47E8-A022-1C84863A578D}.Ad-Hoc|x86.Build.0 = Release|x86
		{DDA0367B-BFF5-47E8-A022-1C84863A578D}.Ad-Hoc|x86.Deploy.0 = Release|x86
		{DDA0367B-BFF5-47E8-A022-1C84863A578D}.AppStore|Any CPU.ActiveCfg = Release|Any CPU
		{DDA0367B-BFF5-47E8-A022-1C84863A578D}.AppStore|Any CPU.Build.0 = Release|Any CPU
		{DDA0367B-BFF5-47E8-A022-1C84863A578D}.AppStore|Any CPU.Deploy.0 = Release|Any CPU
		{DDA0367B-BFF5-47E8-A022-1C84863A578D}.AppStore|ARM.ActiveCfg = Release|ARM
		{DDA0367B-BFF5-47E8-A022-1C84863A578D}.AppStore|ARM.Build.0 = Release|ARM
		{DDA0367B-BFF5-47E8-A022-1C84863A578D}.AppStore|ARM.Deploy.0 = Release|ARM
		{DDA0367B-BFF5-47E8-A022-1C84863A578D}.AppStore|iPhone.ActiveCfg = Release|Any CPU
		{DDA0367B-BFF5-47E8-A022-1C84863A578D}.AppStore|iPhone.Build.0 = Release|Any CPU
		{DDA0367B-BFF5-47E8-A022-1C84863A578D}.AppStore|iPhone.Deploy.0 = Release|Any CPU
		{DDA0367B-BFF5-47E8-A022-1C84863A578D}.AppStore|iPhoneSimulator.ActiveCfg = Release|Any CPU
		{DDA0367B-BFF5-47E8-A022-1C84863A578D}.AppStore|iPhoneSimulator.Build.0 = Release|Any CPU
		{DDA0367B-BFF5-47E8-A022-1C84863A578D}.AppStore|iPhoneSimulator.Deploy.0 = Release|Any CPU
		{DDA0367B-BFF5-47E8-A022-1C84863A578D}.AppStore|x64.ActiveCfg = Release|Any CPU
		{DDA0367B-BFF5-47E8-A022-1C84863A578D}.AppStore|x64.Build.0 = Release|Any CPU
		{DDA0367B-BFF5-47E8-A022-1C84863A578D}.AppStore|x64.Deploy.0 = Release|Any CPU
		{DDA0367B-BFF5-47E8-A022-1C84863A578D}.AppStore|x86.ActiveCfg = Release|x86
		{DDA0367B-BFF5-47E8-A022-1C84863A578D}.AppStore|x86.Build.0 = Release|x86
		{DDA0367B-BFF5-47E8-A022-1C84863A578D}.AppStore|x86.Deploy.0 = Release|x86
		{DDA0367B-BFF5-47E8-A022-1C84863A578D}.Debug|Any CPU.ActiveCfg = Debug|Any CPU
		{DDA0367B-BFF5-47E8-A022-1C84863A578D}.Debug|Any CPU.Build.0 = Debug|Any CPU
		{DDA0367B-BFF5-47E8-A022-1C84863A578D}.Debug|Any CPU.Deploy.0 = Debug|Any CPU
		{DDA0367B-BFF5-47E8-A022-1C84863A578D}.Debug|ARM.ActiveCfg = Debug|ARM
		{DDA0367B-BFF5-47E8-A022-1C84863A578D}.Debug|ARM.Build.0 = Debug|ARM
		{DDA0367B-BFF5-47E8-A022-1C84863A578D}.Debug|ARM.Deploy.0 = Debug|ARM
		{DDA0367B-BFF5-47E8-A022-1C84863A578D}.Debug|iPhone.ActiveCfg = Debug|Any CPU
		{DDA0367B-BFF5-47E8-A022-1C84863A578D}.Debug|iPhone.Build.0 = Debug|Any CPU
		{DDA0367B-BFF5-47E8-A022-1C84863A578D}.Debug|iPhone.Deploy.0 = Debug|Any CPU
		{DDA0367B-BFF5-47E8-A022-1C84863A578D}.Debug|iPhoneSimulator.ActiveCfg = Debug|Any CPU
		{DDA0367B-BFF5-47E8-A022-1C84863A578D}.Debug|iPhoneSimulator.Build.0 = Debug|Any CPU
		{DDA0367B-BFF5-47E8-A022-1C84863A578D}.Debug|iPhoneSimulator.Deploy.0 = Debug|Any CPU
		{DDA0367B-BFF5-47E8-A022-1C84863A578D}.Debug|x64.ActiveCfg = Debug|Any CPU
		{DDA0367B-BFF5-47E8-A022-1C84863A578D}.Debug|x64.Build.0 = Debug|Any CPU
		{DDA0367B-BFF5-47E8-A022-1C84863A578D}.Debug|x64.Deploy.0 = Debug|Any CPU
		{DDA0367B-BFF5-47E8-A022-1C84863A578D}.Debug|x86.ActiveCfg = Debug|x86
		{DDA0367B-BFF5-47E8-A022-1C84863A578D}.Debug|x86.Build.0 = Debug|x86
		{DDA0367B-BFF5-47E8-A022-1C84863A578D}.Debug|x86.Deploy.0 = Debug|x86
		{DDA0367B-BFF5-47E8-A022-1C84863A578D}.Release|Any CPU.ActiveCfg = Release|Any CPU
		{DDA0367B-BFF5-47E8-A022-1C84863A578D}.Release|Any CPU.Build.0 = Release|Any CPU
		{DDA0367B-BFF5-47E8-A022-1C84863A578D}.Release|Any CPU.Deploy.0 = Release|Any CPU
		{DDA0367B-BFF5-47E8-A022-1C84863A578D}.Release|ARM.ActiveCfg = Release|ARM
		{DDA0367B-BFF5-47E8-A022-1C84863A578D}.Release|ARM.Build.0 = Release|ARM
		{DDA0367B-BFF5-47E8-A022-1C84863A578D}.Release|ARM.Deploy.0 = Release|ARM
		{DDA0367B-BFF5-47E8-A022-1C84863A578D}.Release|iPhone.ActiveCfg = Release|Any CPU
		{DDA0367B-BFF5-47E8-A022-1C84863A578D}.Release|iPhone.Build.0 = Release|Any CPU
		{DDA0367B-BFF5-47E8-A022-1C84863A578D}.Release|iPhone.Deploy.0 = Release|Any CPU
		{DDA0367B-BFF5-47E8-A022-1C84863A578D}.Release|iPhoneSimulator.ActiveCfg = Release|Any CPU
		{DDA0367B-BFF5-47E8-A022-1C84863A578D}.Release|iPhoneSimulator.Build.0 = Release|Any CPU
		{DDA0367B-BFF5-47E8-A022-1C84863A578D}.Release|iPhoneSimulator.Deploy.0 = Release|Any CPU
		{DDA0367B-BFF5-47E8-A022-1C84863A578D}.Release|x64.ActiveCfg = Release|Any CPU
		{DDA0367B-BFF5-47E8-A022-1C84863A578D}.Release|x64.Build.0 = Release|Any CPU
		{DDA0367B-BFF5-47E8-A022-1C84863A578D}.Release|x64.Deploy.0 = Release|Any CPU
		{DDA0367B-BFF5-47E8-A022-1C84863A578D}.Release|x86.ActiveCfg = Release|x86
		{DDA0367B-BFF5-47E8-A022-1C84863A578D}.Release|x86.Build.0 = Release|x86
		{DDA0367B-BFF5-47E8-A022-1C84863A578D}.Release|x86.Deploy.0 = Release|x86
		{E991604C-AA65-44AC-BFA2-5B848E09ED0E}.Ad-Hoc|Any CPU.ActiveCfg = Release|x86
		{E991604C-AA65-44AC-BFA2-5B848E09ED0E}.Ad-Hoc|Any CPU.Build.0 = Release|x86
		{E991604C-AA65-44AC-BFA2-5B848E09ED0E}.Ad-Hoc|Any CPU.Deploy.0 = Release|x86
		{E991604C-AA65-44AC-BFA2-5B848E09ED0E}.Ad-Hoc|ARM.ActiveCfg = Release|ARM
		{E991604C-AA65-44AC-BFA2-5B848E09ED0E}.Ad-Hoc|ARM.Build.0 = Release|ARM
		{E991604C-AA65-44AC-BFA2-5B848E09ED0E}.Ad-Hoc|ARM.Deploy.0 = Release|ARM
		{E991604C-AA65-44AC-BFA2-5B848E09ED0E}.Ad-Hoc|iPhone.ActiveCfg = Release|x86
		{E991604C-AA65-44AC-BFA2-5B848E09ED0E}.Ad-Hoc|iPhone.Build.0 = Release|x86
		{E991604C-AA65-44AC-BFA2-5B848E09ED0E}.Ad-Hoc|iPhone.Deploy.0 = Release|x86
		{E991604C-AA65-44AC-BFA2-5B848E09ED0E}.Ad-Hoc|iPhoneSimulator.ActiveCfg = Release|x86
		{E991604C-AA65-44AC-BFA2-5B848E09ED0E}.Ad-Hoc|iPhoneSimulator.Build.0 = Release|x86
		{E991604C-AA65-44AC-BFA2-5B848E09ED0E}.Ad-Hoc|iPhoneSimulator.Deploy.0 = Release|x86
		{E991604C-AA65-44AC-BFA2-5B848E09ED0E}.Ad-Hoc|x64.ActiveCfg = Release|x64
		{E991604C-AA65-44AC-BFA2-5B848E09ED0E}.Ad-Hoc|x64.Build.0 = Release|x64
		{E991604C-AA65-44AC-BFA2-5B848E09ED0E}.Ad-Hoc|x64.Deploy.0 = Release|x64
		{E991604C-AA65-44AC-BFA2-5B848E09ED0E}.Ad-Hoc|x86.ActiveCfg = Release|x86
		{E991604C-AA65-44AC-BFA2-5B848E09ED0E}.Ad-Hoc|x86.Build.0 = Release|x86
		{E991604C-AA65-44AC-BFA2-5B848E09ED0E}.Ad-Hoc|x86.Deploy.0 = Release|x86
		{E991604C-AA65-44AC-BFA2-5B848E09ED0E}.AppStore|Any CPU.ActiveCfg = Release|x86
		{E991604C-AA65-44AC-BFA2-5B848E09ED0E}.AppStore|Any CPU.Build.0 = Release|x86
		{E991604C-AA65-44AC-BFA2-5B848E09ED0E}.AppStore|Any CPU.Deploy.0 = Release|x86
		{E991604C-AA65-44AC-BFA2-5B848E09ED0E}.AppStore|ARM.ActiveCfg = Release|ARM
		{E991604C-AA65-44AC-BFA2-5B848E09ED0E}.AppStore|ARM.Build.0 = Release|ARM
		{E991604C-AA65-44AC-BFA2-5B848E09ED0E}.AppStore|ARM.Deploy.0 = Release|ARM
		{E991604C-AA65-44AC-BFA2-5B848E09ED0E}.AppStore|iPhone.ActiveCfg = Release|x86
		{E991604C-AA65-44AC-BFA2-5B848E09ED0E}.AppStore|iPhone.Build.0 = Release|x86
		{E991604C-AA65-44AC-BFA2-5B848E09ED0E}.AppStore|iPhone.Deploy.0 = Release|x86
		{E991604C-AA65-44AC-BFA2-5B848E09ED0E}.AppStore|iPhoneSimulator.ActiveCfg = Release|x86
		{E991604C-AA65-44AC-BFA2-5B848E09ED0E}.AppStore|iPhoneSimulator.Build.0 = Release|x86
		{E991604C-AA65-44AC-BFA2-5B848E09ED0E}.AppStore|iPhoneSimulator.Deploy.0 = Release|x86
		{E991604C-AA65-44AC-BFA2-5B848E09ED0E}.AppStore|x64.ActiveCfg = Release|x64
		{E991604C-AA65-44AC-BFA2-5B848E09ED0E}.AppStore|x64.Build.0 = Release|x64
		{E991604C-AA65-44AC-BFA2-5B848E09ED0E}.AppStore|x64.Deploy.0 = Release|x64
		{E991604C-AA65-44AC-BFA2-5B848E09ED0E}.AppStore|x86.ActiveCfg = Release|x86
		{E991604C-AA65-44AC-BFA2-5B848E09ED0E}.AppStore|x86.Build.0 = Release|x86
		{E991604C-AA65-44AC-BFA2-5B848E09ED0E}.AppStore|x86.Deploy.0 = Release|x86
		{E991604C-AA65-44AC-BFA2-5B848E09ED0E}.Debug|Any CPU.ActiveCfg = Debug|x86
		{E991604C-AA65-44AC-BFA2-5B848E09ED0E}.Debug|ARM.ActiveCfg = Debug|ARM
		{E991604C-AA65-44AC-BFA2-5B848E09ED0E}.Debug|ARM.Build.0 = Debug|ARM
		{E991604C-AA65-44AC-BFA2-5B848E09ED0E}.Debug|ARM.Deploy.0 = Debug|ARM
		{E991604C-AA65-44AC-BFA2-5B848E09ED0E}.Debug|iPhone.ActiveCfg = Debug|x86
		{E991604C-AA65-44AC-BFA2-5B848E09ED0E}.Debug|iPhoneSimulator.ActiveCfg = Debug|x86
		{E991604C-AA65-44AC-BFA2-5B848E09ED0E}.Debug|x64.ActiveCfg = Debug|x64
		{E991604C-AA65-44AC-BFA2-5B848E09ED0E}.Debug|x64.Build.0 = Debug|x64
		{E991604C-AA65-44AC-BFA2-5B848E09ED0E}.Debug|x64.Deploy.0 = Debug|x64
		{E991604C-AA65-44AC-BFA2-5B848E09ED0E}.Debug|x86.ActiveCfg = Debug|x86
		{E991604C-AA65-44AC-BFA2-5B848E09ED0E}.Debug|x86.Build.0 = Debug|x86
		{E991604C-AA65-44AC-BFA2-5B848E09ED0E}.Debug|x86.Deploy.0 = Debug|x86
		{E991604C-AA65-44AC-BFA2-5B848E09ED0E}.Release|Any CPU.ActiveCfg = Release|x86
		{E991604C-AA65-44AC-BFA2-5B848E09ED0E}.Release|ARM.ActiveCfg = Release|ARM
		{E991604C-AA65-44AC-BFA2-5B848E09ED0E}.Release|ARM.Build.0 = Release|ARM
		{E991604C-AA65-44AC-BFA2-5B848E09ED0E}.Release|ARM.Deploy.0 = Release|ARM
		{E991604C-AA65-44AC-BFA2-5B848E09ED0E}.Release|iPhone.ActiveCfg = Release|x86
		{E991604C-AA65-44AC-BFA2-5B848E09ED0E}.Release|iPhoneSimulator.ActiveCfg = Release|x86
		{E991604C-AA65-44AC-BFA2-5B848E09ED0E}.Release|x64.ActiveCfg = Release|x64
		{E991604C-AA65-44AC-BFA2-5B848E09ED0E}.Release|x64.Build.0 = Release|x64
		{E991604C-AA65-44AC-BFA2-5B848E09ED0E}.Release|x64.Deploy.0 = Release|x64
		{E991604C-AA65-44AC-BFA2-5B848E09ED0E}.Release|x86.ActiveCfg = Release|x86
		{E991604C-AA65-44AC-BFA2-5B848E09ED0E}.Release|x86.Build.0 = Release|x86
		{E991604C-AA65-44AC-BFA2-5B848E09ED0E}.Release|x86.Deploy.0 = Release|x86
		{E699AE7C-4F5E-473C-B93F-EBBC71143AA5}.Ad-Hoc|Any CPU.ActiveCfg = Release|Any CPU
		{E699AE7C-4F5E-473C-B93F-EBBC71143AA5}.Ad-Hoc|Any CPU.Build.0 = Release|Any CPU
		{E699AE7C-4F5E-473C-B93F-EBBC71143AA5}.Ad-Hoc|Any CPU.Deploy.0 = Release|Any CPU
		{E699AE7C-4F5E-473C-B93F-EBBC71143AA5}.Ad-Hoc|ARM.ActiveCfg = Release|ARM
		{E699AE7C-4F5E-473C-B93F-EBBC71143AA5}.Ad-Hoc|ARM.Build.0 = Release|ARM
		{E699AE7C-4F5E-473C-B93F-EBBC71143AA5}.Ad-Hoc|ARM.Deploy.0 = Release|ARM
		{E699AE7C-4F5E-473C-B93F-EBBC71143AA5}.Ad-Hoc|iPhone.ActiveCfg = Release|Any CPU
		{E699AE7C-4F5E-473C-B93F-EBBC71143AA5}.Ad-Hoc|iPhone.Build.0 = Release|Any CPU
		{E699AE7C-4F5E-473C-B93F-EBBC71143AA5}.Ad-Hoc|iPhone.Deploy.0 = Release|Any CPU
		{E699AE7C-4F5E-473C-B93F-EBBC71143AA5}.Ad-Hoc|iPhoneSimulator.ActiveCfg = Release|Any CPU
		{E699AE7C-4F5E-473C-B93F-EBBC71143AA5}.Ad-Hoc|iPhoneSimulator.Build.0 = Release|Any CPU
		{E699AE7C-4F5E-473C-B93F-EBBC71143AA5}.Ad-Hoc|iPhoneSimulator.Deploy.0 = Release|Any CPU
		{E699AE7C-4F5E-473C-B93F-EBBC71143AA5}.Ad-Hoc|x64.ActiveCfg = Release|x64
		{E699AE7C-4F5E-473C-B93F-EBBC71143AA5}.Ad-Hoc|x64.Build.0 = Release|x64
		{E699AE7C-4F5E-473C-B93F-EBBC71143AA5}.Ad-Hoc|x64.Deploy.0 = Release|x64
		{E699AE7C-4F5E-473C-B93F-EBBC71143AA5}.Ad-Hoc|x86.ActiveCfg = Release|x86
		{E699AE7C-4F5E-473C-B93F-EBBC71143AA5}.Ad-Hoc|x86.Build.0 = Release|x86
		{E699AE7C-4F5E-473C-B93F-EBBC71143AA5}.Ad-Hoc|x86.Deploy.0 = Release|x86
		{E699AE7C-4F5E-473C-B93F-EBBC71143AA5}.AppStore|Any CPU.ActiveCfg = Release|Any CPU
		{E699AE7C-4F5E-473C-B93F-EBBC71143AA5}.AppStore|Any CPU.Build.0 = Release|Any CPU
		{E699AE7C-4F5E-473C-B93F-EBBC71143AA5}.AppStore|Any CPU.Deploy.0 = Release|Any CPU
		{E699AE7C-4F5E-473C-B93F-EBBC71143AA5}.AppStore|ARM.ActiveCfg = Release|ARM
		{E699AE7C-4F5E-473C-B93F-EBBC71143AA5}.AppStore|ARM.Build.0 = Release|ARM
		{E699AE7C-4F5E-473C-B93F-EBBC71143AA5}.AppStore|ARM.Deploy.0 = Release|ARM
		{E699AE7C-4F5E-473C-B93F-EBBC71143AA5}.AppStore|iPhone.ActiveCfg = Release|Any CPU
		{E699AE7C-4F5E-473C-B93F-EBBC71143AA5}.AppStore|iPhone.Build.0 = Release|Any CPU
		{E699AE7C-4F5E-473C-B93F-EBBC71143AA5}.AppStore|iPhone.Deploy.0 = Release|Any CPU
		{E699AE7C-4F5E-473C-B93F-EBBC71143AA5}.AppStore|iPhoneSimulator.ActiveCfg = Release|Any CPU
		{E699AE7C-4F5E-473C-B93F-EBBC71143AA5}.AppStore|iPhoneSimulator.Build.0 = Release|Any CPU
		{E699AE7C-4F5E-473C-B93F-EBBC71143AA5}.AppStore|iPhoneSimulator.Deploy.0 = Release|Any CPU
		{E699AE7C-4F5E-473C-B93F-EBBC71143AA5}.AppStore|x64.ActiveCfg = Release|x64
		{E699AE7C-4F5E-473C-B93F-EBBC71143AA5}.AppStore|x64.Build.0 = Release|x64
		{E699AE7C-4F5E-473C-B93F-EBBC71143AA5}.AppStore|x64.Deploy.0 = Release|x64
		{E699AE7C-4F5E-473C-B93F-EBBC71143AA5}.AppStore|x86.ActiveCfg = Release|x86
		{E699AE7C-4F5E-473C-B93F-EBBC71143AA5}.AppStore|x86.Build.0 = Release|x86
		{E699AE7C-4F5E-473C-B93F-EBBC71143AA5}.AppStore|x86.Deploy.0 = Release|x86
		{E699AE7C-4F5E-473C-B93F-EBBC71143AA5}.Debug|Any CPU.ActiveCfg = Debug|Any CPU
		{E699AE7C-4F5E-473C-B93F-EBBC71143AA5}.Debug|Any CPU.Build.0 = Debug|Any CPU
		{E699AE7C-4F5E-473C-B93F-EBBC71143AA5}.Debug|Any CPU.Deploy.0 = Debug|Any CPU
		{E699AE7C-4F5E-473C-B93F-EBBC71143AA5}.Debug|ARM.ActiveCfg = Debug|ARM
		{E699AE7C-4F5E-473C-B93F-EBBC71143AA5}.Debug|ARM.Build.0 = Debug|ARM
		{E699AE7C-4F5E-473C-B93F-EBBC71143AA5}.Debug|ARM.Deploy.0 = Debug|ARM
		{E699AE7C-4F5E-473C-B93F-EBBC71143AA5}.Debug|iPhone.ActiveCfg = Debug|Any CPU
		{E699AE7C-4F5E-473C-B93F-EBBC71143AA5}.Debug|iPhone.Build.0 = Debug|Any CPU
		{E699AE7C-4F5E-473C-B93F-EBBC71143AA5}.Debug|iPhone.Deploy.0 = Debug|Any CPU
		{E699AE7C-4F5E-473C-B93F-EBBC71143AA5}.Debug|iPhoneSimulator.ActiveCfg = Debug|Any CPU
		{E699AE7C-4F5E-473C-B93F-EBBC71143AA5}.Debug|iPhoneSimulator.Build.0 = Debug|Any CPU
		{E699AE7C-4F5E-473C-B93F-EBBC71143AA5}.Debug|iPhoneSimulator.Deploy.0 = Debug|Any CPU
		{E699AE7C-4F5E-473C-B93F-EBBC71143AA5}.Debug|x64.ActiveCfg = Debug|x64
		{E699AE7C-4F5E-473C-B93F-EBBC71143AA5}.Debug|x64.Build.0 = Debug|x64
		{E699AE7C-4F5E-473C-B93F-EBBC71143AA5}.Debug|x64.Deploy.0 = Debug|x64
		{E699AE7C-4F5E-473C-B93F-EBBC71143AA5}.Debug|x86.ActiveCfg = Debug|x86
		{E699AE7C-4F5E-473C-B93F-EBBC71143AA5}.Debug|x86.Build.0 = Debug|x86
		{E699AE7C-4F5E-473C-B93F-EBBC71143AA5}.Debug|x86.Deploy.0 = Debug|x86
		{E699AE7C-4F5E-473C-B93F-EBBC71143AA5}.Release|Any CPU.ActiveCfg = Release|Any CPU
		{E699AE7C-4F5E-473C-B93F-EBBC71143AA5}.Release|Any CPU.Build.0 = Release|Any CPU
		{E699AE7C-4F5E-473C-B93F-EBBC71143AA5}.Release|Any CPU.Deploy.0 = Release|Any CPU
		{E699AE7C-4F5E-473C-B93F-EBBC71143AA5}.Release|ARM.ActiveCfg = Release|ARM
		{E699AE7C-4F5E-473C-B93F-EBBC71143AA5}.Release|ARM.Build.0 = Release|ARM
		{E699AE7C-4F5E-473C-B93F-EBBC71143AA5}.Release|ARM.Deploy.0 = Release|ARM
		{E699AE7C-4F5E-473C-B93F-EBBC71143AA5}.Release|iPhone.ActiveCfg = Release|Any CPU
		{E699AE7C-4F5E-473C-B93F-EBBC71143AA5}.Release|iPhone.Build.0 = Release|Any CPU
		{E699AE7C-4F5E-473C-B93F-EBBC71143AA5}.Release|iPhone.Deploy.0 = Release|Any CPU
		{E699AE7C-4F5E-473C-B93F-EBBC71143AA5}.Release|iPhoneSimulator.ActiveCfg = Release|Any CPU
		{E699AE7C-4F5E-473C-B93F-EBBC71143AA5}.Release|iPhoneSimulator.Build.0 = Release|Any CPU
		{E699AE7C-4F5E-473C-B93F-EBBC71143AA5}.Release|iPhoneSimulator.Deploy.0 = Release|Any CPU
		{E699AE7C-4F5E-473C-B93F-EBBC71143AA5}.Release|x64.ActiveCfg = Release|x64
		{E699AE7C-4F5E-473C-B93F-EBBC71143AA5}.Release|x64.Build.0 = Release|x64
		{E699AE7C-4F5E-473C-B93F-EBBC71143AA5}.Release|x64.Deploy.0 = Release|x64
		{E699AE7C-4F5E-473C-B93F-EBBC71143AA5}.Release|x86.ActiveCfg = Release|x86
		{E699AE7C-4F5E-473C-B93F-EBBC71143AA5}.Release|x86.Build.0 = Release|x86
		{E699AE7C-4F5E-473C-B93F-EBBC71143AA5}.Release|x86.Deploy.0 = Release|x86
		{79FF70B1-869F-4102-B850-4B357CB70B6B}.Ad-Hoc|Any CPU.ActiveCfg = Release|Any CPU
		{79FF70B1-869F-4102-B850-4B357CB70B6B}.Ad-Hoc|Any CPU.Build.0 = Release|Any CPU
		{79FF70B1-869F-4102-B850-4B357CB70B6B}.Ad-Hoc|ARM.ActiveCfg = Release|Any CPU
		{79FF70B1-869F-4102-B850-4B357CB70B6B}.Ad-Hoc|ARM.Build.0 = Release|Any CPU
		{79FF70B1-869F-4102-B850-4B357CB70B6B}.Ad-Hoc|iPhone.ActiveCfg = Release|Any CPU
		{79FF70B1-869F-4102-B850-4B357CB70B6B}.Ad-Hoc|iPhone.Build.0 = Release|Any CPU
		{79FF70B1-869F-4102-B850-4B357CB70B6B}.Ad-Hoc|iPhoneSimulator.ActiveCfg = Release|Any CPU
		{79FF70B1-869F-4102-B850-4B357CB70B6B}.Ad-Hoc|iPhoneSimulator.Build.0 = Release|Any CPU
		{79FF70B1-869F-4102-B850-4B357CB70B6B}.Ad-Hoc|x64.ActiveCfg = Release|Any CPU
		{79FF70B1-869F-4102-B850-4B357CB70B6B}.Ad-Hoc|x64.Build.0 = Release|Any CPU
		{79FF70B1-869F-4102-B850-4B357CB70B6B}.Ad-Hoc|x86.ActiveCfg = Release|Any CPU
		{79FF70B1-869F-4102-B850-4B357CB70B6B}.Ad-Hoc|x86.Build.0 = Release|Any CPU
		{79FF70B1-869F-4102-B850-4B357CB70B6B}.AppStore|Any CPU.ActiveCfg = Release|Any CPU
		{79FF70B1-869F-4102-B850-4B357CB70B6B}.AppStore|Any CPU.Build.0 = Release|Any CPU
		{79FF70B1-869F-4102-B850-4B357CB70B6B}.AppStore|ARM.ActiveCfg = Release|Any CPU
		{79FF70B1-869F-4102-B850-4B357CB70B6B}.AppStore|ARM.Build.0 = Release|Any CPU
		{79FF70B1-869F-4102-B850-4B357CB70B6B}.AppStore|iPhone.ActiveCfg = Release|Any CPU
		{79FF70B1-869F-4102-B850-4B357CB70B6B}.AppStore|iPhone.Build.0 = Release|Any CPU
		{79FF70B1-869F-4102-B850-4B357CB70B6B}.AppStore|iPhoneSimulator.ActiveCfg = Release|Any CPU
		{79FF70B1-869F-4102-B850-4B357CB70B6B}.AppStore|iPhoneSimulator.Build.0 = Release|Any CPU
		{79FF70B1-869F-4102-B850-4B357CB70B6B}.AppStore|x64.ActiveCfg = Release|Any CPU
		{79FF70B1-869F-4102-B850-4B357CB70B6B}.AppStore|x64.Build.0 = Release|Any CPU
		{79FF70B1-869F-4102-B850-4B357CB70B6B}.AppStore|x86.ActiveCfg = Release|Any CPU
		{79FF70B1-869F-4102-B850-4B357CB70B6B}.AppStore|x86.Build.0 = Release|Any CPU
		{79FF70B1-869F-4102-B850-4B357CB70B6B}.Debug|Any CPU.ActiveCfg = Debug|Any CPU
		{79FF70B1-869F-4102-B850-4B357CB70B6B}.Debug|Any CPU.Build.0 = Debug|Any CPU
		{79FF70B1-869F-4102-B850-4B357CB70B6B}.Debug|ARM.ActiveCfg = Debug|Any CPU
		{79FF70B1-869F-4102-B850-4B357CB70B6B}.Debug|ARM.Build.0 = Debug|Any CPU
		{79FF70B1-869F-4102-B850-4B357CB70B6B}.Debug|iPhone.ActiveCfg = Debug|Any CPU
		{79FF70B1-869F-4102-B850-4B357CB70B6B}.Debug|iPhone.Build.0 = Debug|Any CPU
		{79FF70B1-869F-4102-B850-4B357CB70B6B}.Debug|iPhoneSimulator.ActiveCfg = Debug|Any CPU
		{79FF70B1-869F-4102-B850-4B357CB70B6B}.Debug|iPhoneSimulator.Build.0 = Debug|Any CPU
		{79FF70B1-869F-4102-B850-4B357CB70B6B}.Debug|x64.ActiveCfg = Debug|Any CPU
		{79FF70B1-869F-4102-B850-4B357CB70B6B}.Debug|x64.Build.0 = Debug|Any CPU
		{79FF70B1-869F-4102-B850-4B357CB70B6B}.Debug|x86.ActiveCfg = Debug|Any CPU
		{79FF70B1-869F-4102-B850-4B357CB70B6B}.Debug|x86.Build.0 = Debug|Any CPU
		{79FF70B1-869F-4102-B850-4B357CB70B6B}.Release|Any CPU.ActiveCfg = Release|Any CPU
		{79FF70B1-869F-4102-B850-4B357CB70B6B}.Release|Any CPU.Build.0 = Release|Any CPU
		{79FF70B1-869F-4102-B850-4B357CB70B6B}.Release|ARM.ActiveCfg = Release|Any CPU
		{79FF70B1-869F-4102-B850-4B357CB70B6B}.Release|ARM.Build.0 = Release|Any CPU
		{79FF70B1-869F-4102-B850-4B357CB70B6B}.Release|iPhone.ActiveCfg = Release|Any CPU
		{79FF70B1-869F-4102-B850-4B357CB70B6B}.Release|iPhone.Build.0 = Release|Any CPU
		{79FF70B1-869F-4102-B850-4B357CB70B6B}.Release|iPhoneSimulator.ActiveCfg = Release|Any CPU
		{79FF70B1-869F-4102-B850-4B357CB70B6B}.Release|iPhoneSimulator.Build.0 = Release|Any CPU
		{79FF70B1-869F-4102-B850-4B357CB70B6B}.Release|x64.ActiveCfg = Release|Any CPU
		{79FF70B1-869F-4102-B850-4B357CB70B6B}.Release|x64.Build.0 = Release|Any CPU
		{79FF70B1-869F-4102-B850-4B357CB70B6B}.Release|x86.ActiveCfg = Release|Any CPU
		{79FF70B1-869F-4102-B850-4B357CB70B6B}.Release|x86.Build.0 = Release|Any CPU
	EndGlobalSection
	GlobalSection(SolutionProperties) = preSolution
		HideSolutionNode = FALSE
	EndGlobalSection
EndGlobal
