
Microsoft Visual Studio Solution File, Format Version 12.00
# Visual Studio 15
VisualStudioVersion = 15.0.26906.1
MinimumVisualStudioVersion = 10.0.40219.1
Project("{9A19103F-16F7-4668-BE54-9A1E7A4F7556}") = "NETCatalog.CLI", "NETCatalog.CLI\NETCatalog.CLI.csproj", "{BBFB4BB5-2FC2-4091-8F50-81C80449D477}"
EndProject
Global
	GlobalSection(SolutionConfigurationPlatforms) = preSolution
		Debug|Any CPU = Debug|Any CPU
		Release|Any CPU = Release|Any CPU
	EndGlobalSection
	GlobalSection(ProjectConfigurationPlatforms) = postSolution
		{BBFB4BB5-2FC2-4091-8F50-81C80449D477}.Debug|Any CPU.ActiveCfg = Debug|Any CPU
		{BBFB4BB5-2FC2-4091-8F50-81C80449D477}.Debug|Any CPU.Build.0 = Debug|Any CPU
		{BBFB4BB5-2FC2-4091-8F50-81C80449D477}.Release|Any CPU.ActiveCfg = Release|Any CPU
		{BBFB4BB5-2FC2-4091-8F50-81C80449D477}.Release|Any CPU.Build.0 = Release|Any CPU
	EndGlobalSection
	GlobalSection(SolutionProperties) = preSolution
		HideSolutionNode = FALSE
	EndGlobalSection
	GlobalSection(ExtensibilityGlobals) = postSolution
		SolutionGuid = {55088A93-7F10-4A61-B9EE-197E95CAEAC5}
	EndGlobalSection
EndGlobal
